Microsoft Visual Studio Solution File, Format Version 12.00
# Visual Studio Version 17
VisualStudioVersion = 17.5.2.0
MinimumVisualStudioVersion = 10.0.40219.1
Project("{FAE04EC0-301F-11D3-BF4B-00C04F79EFBC}") = "Training1", "Training1.csproj", "{1DC43FDA-5A22-ADC2-8F67-A29687F7CF50}"
EndProject
Global
	GlobalSection(SolutionConfigurationPlatforms) = preSolution
		Debug|Any CPU = Debug|Any CPU
		Release|Any CPU = Release|Any CPU
	EndGlobalSection
	GlobalSection(ProjectConfigurationPlatforms) = postSolution
		{1DC43FDA-5A22-ADC2-8F67-A29687F7CF50}.Debug|Any CPU.ActiveCfg = Debug|Any CPU
		{1DC43FDA-5A22-ADC2-8F67-A29687F7CF50}.Debug|Any CPU.Build.0 = Debug|Any CPU
		{1DC43FDA-5A22-ADC2-8F67-A29687F7CF50}.Release|Any CPU.ActiveCfg = Release|Any CPU
		{1DC43FDA-5A22-ADC2-8F67-A29687F7CF50}.Release|Any CPU.Build.0 = Release|Any CPU
	EndGlobalSection
	GlobalSection(SolutionProperties) = preSolution
		HideSolutionNode = FALSE
	EndGlobalSection
	GlobalSection(ExtensibilityGlobals) = postSolution
		SolutionGuid = {63A21637-6068-45EF-B31E-E1A1F63499BA}
	EndGlobalSection
EndGlobal
